
Microsoft Visual Studio Solution File, Format Version 12.00
# Visual Studio 15
VisualStudioVersion = 15.0.27004.2009
MinimumVisualStudioVersion = 10.0.40219.1
Project("{FAE04EC0-301F-11D3-BF4B-00C04F79EFBC}") = "Normalization", "0-1 Normalization\Normalization.csproj", "{268C55B2-6DCE-48BE-A090-66F169586FCC}"
EndProject
Global
	GlobalSection(SolutionConfigurationPlatforms) = preSolution
		Debug|Any CPU = Debug|Any CPU
		Release|Any CPU = Release|Any CPU
	EndGlobalSection
	GlobalSection(ProjectConfigurationPlatforms) = postSolution
		{268C55B2-6DCE-48BE-A090-66F169586FCC}.Debug|Any CPU.ActiveCfg = Debug|Any CPU
		{268C55B2-6DCE-48BE-A090-66F169586FCC}.Debug|Any CPU.Build.0 = Debug|Any CPU
		{268C55B2-6DCE-48BE-A090-66F169586FCC}.Release|Any CPU.ActiveCfg = Release|Any CPU
		{268C55B2-6DCE-48BE-A090-66F169586FCC}.Release|Any CPU.Build.0 = Release|Any CPU
	EndGlobalSection
	GlobalSection(SolutionProperties) = preSolution
		HideSolutionNode = FALSE
	EndGlobalSection
	GlobalSection(ExtensibilityGlobals) = postSolution
		SolutionGuid = {20C4FE6E-7C04-4EBD-BBB5-987612C00E6F}
	EndGlobalSection
EndGlobal
